
Microsoft Visual Studio Solution File, Format Version 12.00
# Visual Studio Version 17
VisualStudioVersion = 17.6.33712.159
MinimumVisualStudioVersion = 10.0.40219.1
Project("{FAE04EC0-301F-11D3-BF4B-00C04F79EFBC}") = "h9task2", "h9task2\h9task2.csproj", "{F1757B1F-C47A-4453-9201-63746599475B}"
EndProject
Global
	GlobalSection(SolutionConfigurationPlatforms) = preSolution
		Debug|Any CPU = Debug|Any CPU
		Release|Any CPU = Release|Any CPU
	EndGlobalSection
	GlobalSection(ProjectConfigurationPlatforms) = postSolution
		{F1757B1F-C47A-4453-9201-63746599475B}.Debug|Any CPU.ActiveCfg = Debug|Any CPU
		{F1757B1F-C47A-4453-9201-63746599475B}.Debug|Any CPU.Build.0 = Debug|Any CPU
		{F1757B1F-C47A-4453-9201-63746599475B}.Release|Any CPU.ActiveCfg = Release|Any CPU
		{F1757B1F-C47A-4453-9201-63746599475B}.Release|Any CPU.Build.0 = Release|Any CPU
	EndGlobalSection
	GlobalSection(SolutionProperties) = preSolution
		HideSolutionNode = FALSE
	EndGlobalSection
	GlobalSection(ExtensibilityGlobals) = postSolution
		SolutionGuid = {643E4932-A98A-42F0-BCD1-F3AC48546464}
	EndGlobalSection
EndGlobal
